
Microsoft Visual Studio Solution File, Format Version 12.00
# Visual Studio Version 16
VisualStudioVersion = 16.0.29324.140
MinimumVisualStudioVersion = 10.0.40219.1
Project("{2150E333-8FDC-42A3-9474-1A3956D46DE8}") = "ClasesComunes", "ClasesComunes", "{B7BCD4E4-EB30-4689-9B6A-0431A4093900}"
EndProject
Project("{FAE04EC0-301F-11D3-BF4B-00C04F79EFBC}") = "ClasesDeServicio", "ClasesDeServicio\ClasesDeServicio.csproj", "{EA4DD708-7F8C-4CAA-B7A1-A6CEA11BC6C1}"
EndProject
Project("{2150E333-8FDC-42A3-9474-1A3956D46DE8}") = "Operaciones", "Operaciones", "{254A9AC8-0C07-48C1-8263-4A79A67CC807}"
EndProject
Project("{FAE04EC0-301F-11D3-BF4B-00C04F79EFBC}") = "OperacionesDeServicio", "OperacionesDeServicio\OperacionesDeServicio.csproj", "{B1A8EC20-A470-4839-B3D5-D23AE6E36664}"
EndProject
Project("{2150E333-8FDC-42A3-9474-1A3956D46DE8}") = "Servicios", "Servicios", "{3C493EF2-A9FC-494F-8C2B-82550D42EF12}"
EndProject
Project("{FAE04EC0-301F-11D3-BF4B-00C04F79EFBC}") = "EnvioACola", "ServicioDeEnvio\EnvioACola.csproj", "{658FE28C-A654-4840-815C-FAB9C1090E0D}"
EndProject
Project("{FAE04EC0-301F-11D3-BF4B-00C04F79EFBC}") = "EnvioAServicioMensajeria", "EnvioAServicioMensajeria\EnvioAServicioMensajeria.csproj", "{F5C31F53-50EC-4A4D-AF5C-0F3591A4A938}"
EndProject
Project("{2150E333-8FDC-42A3-9474-1A3956D46DE8}") = "PruebasDelSistema", "PruebasDelSistema", "{668D9192-720B-4CD2-81BE-591A76C0551D}"
EndProject
Project("{FAE04EC0-301F-11D3-BF4B-00C04F79EFBC}") = "PruebasServ", "PruebasServ\PruebasServ.csproj", "{3C27A1BF-5BE2-4DB7-AF6B-33324B65DCD5}"
EndProject
Project("{FAE04EC0-301F-11D3-BF4B-00C04F79EFBC}") = "FormularioPruebas", "FormularioPruebas\FormularioPruebas.csproj", "{4B490A8B-DE4D-4D2D-B549-B9F6FC854B73}"
EndProject
Global
	GlobalSection(SolutionConfigurationPlatforms) = preSolution
		Debug|Any CPU = Debug|Any CPU
		Release|Any CPU = Release|Any CPU
	EndGlobalSection
	GlobalSection(ProjectConfigurationPlatforms) = postSolution
		{EA4DD708-7F8C-4CAA-B7A1-A6CEA11BC6C1}.Debug|Any CPU.ActiveCfg = Debug|Any CPU
		{EA4DD708-7F8C-4CAA-B7A1-A6CEA11BC6C1}.Debug|Any CPU.Build.0 = Debug|Any CPU
		{EA4DD708-7F8C-4CAA-B7A1-A6CEA11BC6C1}.Release|Any CPU.ActiveCfg = Release|Any CPU
		{EA4DD708-7F8C-4CAA-B7A1-A6CEA11BC6C1}.Release|Any CPU.Build.0 = Release|Any CPU
		{B1A8EC20-A470-4839-B3D5-D23AE6E36664}.Debug|Any CPU.ActiveCfg = Debug|Any CPU
		{B1A8EC20-A470-4839-B3D5-D23AE6E36664}.Debug|Any CPU.Build.0 = Debug|Any CPU
		{B1A8EC20-A470-4839-B3D5-D23AE6E36664}.Release|Any CPU.ActiveCfg = Release|Any CPU
		{B1A8EC20-A470-4839-B3D5-D23AE6E36664}.Release|Any CPU.Build.0 = Release|Any CPU
		{658FE28C-A654-4840-815C-FAB9C1090E0D}.Debug|Any CPU.ActiveCfg = Debug|Any CPU
		{658FE28C-A654-4840-815C-FAB9C1090E0D}.Debug|Any CPU.Build.0 = Debug|Any CPU
		{658FE28C-A654-4840-815C-FAB9C1090E0D}.Release|Any CPU.ActiveCfg = Release|Any CPU
		{658FE28C-A654-4840-815C-FAB9C1090E0D}.Release|Any CPU.Build.0 = Release|Any CPU
		{F5C31F53-50EC-4A4D-AF5C-0F3591A4A938}.Debug|Any CPU.ActiveCfg = Debug|Any CPU
		{F5C31F53-50EC-4A4D-AF5C-0F3591A4A938}.Debug|Any CPU.Build.0 = Debug|Any CPU
		{F5C31F53-50EC-4A4D-AF5C-0F3591A4A938}.Release|Any CPU.ActiveCfg = Release|Any CPU
		{F5C31F53-50EC-4A4D-AF5C-0F3591A4A938}.Release|Any CPU.Build.0 = Release|Any CPU
		{3C27A1BF-5BE2-4DB7-AF6B-33324B65DCD5}.Debug|Any CPU.ActiveCfg = Debug|Any CPU
		{3C27A1BF-5BE2-4DB7-AF6B-33324B65DCD5}.Debug|Any CPU.Build.0 = Debug|Any CPU
		{3C27A1BF-5BE2-4DB7-AF6B-33324B65DCD5}.Release|Any CPU.ActiveCfg = Release|Any CPU
		{3C27A1BF-5BE2-4DB7-AF6B-33324B65DCD5}.Release|Any CPU.Build.0 = Release|Any CPU
		{4B490A8B-DE4D-4D2D-B549-B9F6FC854B73}.Debug|Any CPU.ActiveCfg = Debug|Any CPU
		{4B490A8B-DE4D-4D2D-B549-B9F6FC854B73}.Debug|Any CPU.Build.0 = Debug|Any CPU
		{4B490A8B-DE4D-4D2D-B549-B9F6FC854B73}.Release|Any CPU.ActiveCfg = Release|Any CPU
		{4B490A8B-DE4D-4D2D-B549-B9F6FC854B73}.Release|Any CPU.Build.0 = Release|Any CPU
	EndGlobalSection
	GlobalSection(SolutionProperties) = preSolution
		HideSolutionNode = FALSE
	EndGlobalSection
	GlobalSection(NestedProjects) = preSolution
		{EA4DD708-7F8C-4CAA-B7A1-A6CEA11BC6C1} = {B7BCD4E4-EB30-4689-9B6A-0431A4093900}
		{B1A8EC20-A470-4839-B3D5-D23AE6E36664} = {254A9AC8-0C07-48C1-8263-4A79A67CC807}
		{658FE28C-A654-4840-815C-FAB9C1090E0D} = {3C493EF2-A9FC-494F-8C2B-82550D42EF12}
		{F5C31F53-50EC-4A4D-AF5C-0F3591A4A938} = {3C493EF2-A9FC-494F-8C2B-82550D42EF12}
		{3C27A1BF-5BE2-4DB7-AF6B-33324B65DCD5} = {668D9192-720B-4CD2-81BE-591A76C0551D}
		{4B490A8B-DE4D-4D2D-B549-B9F6FC854B73} = {668D9192-720B-4CD2-81BE-591A76C0551D}
	EndGlobalSection
	GlobalSection(ExtensibilityGlobals) = postSolution
		SolutionGuid = {2CEA09D0-0065-4690-A855-7A15B650C041}
	EndGlobalSection
EndGlobal
